
Microsoft Visual Studio Solution File, Format Version 12.00
# Visual Studio Version 17
VisualStudioVersion = 17.10.34928.147
MinimumVisualStudioVersion = 10.0.40219.1
Project("{FAE04EC0-301F-11D3-BF4B-00C04F79EFBC}") = "ModernizationTask", "ModernizationTask\ModernizationTask.csproj", "{2C28EB76-8C82-4729-9E7B-C8BEBE7F200C}"
EndProject
Global
	GlobalSection(SolutionConfigurationPlatforms) = preSolution
		Debug|Any CPU = Debug|Any CPU
		Release|Any CPU = Release|Any CPU
	EndGlobalSection
	GlobalSection(ProjectConfigurationPlatforms) = postSolution
		{2C28EB76-8C82-4729-9E7B-C8BEBE7F200C}.Debug|Any CPU.ActiveCfg = Debug|Any CPU
		{2C28EB76-8C82-4729-9E7B-C8BEBE7F200C}.Debug|Any CPU.Build.0 = Debug|Any CPU
		{2C28EB76-8C82-4729-9E7B-C8BEBE7F200C}.Release|Any CPU.ActiveCfg = Release|Any CPU
		{2C28EB76-8C82-4729-9E7B-C8BEBE7F200C}.Release|Any CPU.Build.0 = Release|Any CPU
	EndGlobalSection
	GlobalSection(SolutionProperties) = preSolution
		HideSolutionNode = FALSE
	EndGlobalSection
	GlobalSection(ExtensibilityGlobals) = postSolution
		SolutionGuid = {4D48A6EB-E3AB-4283-AECE-29C845B1C0B5}
	EndGlobalSection
EndGlobal
